dependencies:
- name: cloud-helper
  repository: gs://g5-multiverse-helm3-repositories
  version: 1.0.1
- name: cloud-sql
  repository: gs://g5-multiverse-helm3-repositories
  version: 1.0.5
- name: memorystore
  repository: gs://g5-multiverse-helm3-repositories
  version: 1.0.1
- name: pubsub
  repository: gs://g5-multiverse-helm3-repositories
  version: 1.0.0
digest: sha256:892a453f0cbcf86b5d01ab2900e8a4c104a096d4622d392befc2936ebd9c114f
generated: "2023-03-07T09:58:00.131329-08:00"
